<?xml version="1.0" encoding="UTF-8" standalone="yes" ?>
<CodeBlocks_project_file>
	<FileVersion major="1" minor="6" />
	<Project>
		<Option title="Omega 0.1" />
		<Option pch_mode="2" />
		<Option compiler="gnu_gcc_compiler_last_mingw_version" />
		<Build>
			<Target title="Debug">
				<Option output="bin\Debug\Omega 0" prefix_auto="1" extension_auto="1" />
				<Option object_output="obj\Debug\" />
				<Option type="1" />
				<Option compiler="gnu_gcc_compiler_44_sfml" />
				<Compiler>
					<Add option="-g" />
				</Compiler>
				<Linker>
					<Add option="-lsfml-graphics" />
					<Add option="-lsfml-audio" />
					<Add option="-lsfml-window" />
					<Add option="-lsfml-system" />
				</Linker>
			</Target>
			<Target title="Release">
				<Option output="bin\Release\Omega 0" prefix_auto="1" extension_auto="1" />
				<Option object_output="obj\Release\" />
				<Option type="1" />
				<Option compiler="gnu_gcc_compiler_last_mingw_version" />
				<Compiler>
					<Add option="-O2" />
				</Compiler>
				<Linker>
					<Add option="-s" />
				</Linker>
			</Target>
		</Build>
		<Compiler>
			<Add option="-Wall" />
			<Add option="-fexceptions" />
		</Compiler>
		<Unit filename="GestionnaireDB.cpp" />
		<Unit filename="GestionnaireDB.h" />
		<Unit filename="animation.cpp" />
		<Unit filename="animation.hpp" />
		<Unit filename="bddInternalHandler.cpp" />
		<Unit filename="bddInternalHandler.hpp" />
		<Unit filename="board.cpp" />
		<Unit filename="board.hpp" />
		<Unit filename="boardForm.cpp" />
		<Unit filename="boardForm.hpp" />
		<Unit filename="combat.cpp" />
		<Unit filename="combat.hpp" />
		<Unit filename="elementMap.cpp" />
		<Unit filename="elementMap.hpp" />
		<Unit filename="main.cpp" />
		<Unit filename="mapHandler.cpp" />
		<Unit filename="mapHandler.hpp" />
		<Unit filename="mapSyst.cpp" />
		<Unit filename="mapSyst.hpp" />
		<Unit filename="musicHandler.cpp" />
		<Unit filename="musicHandler.hpp" />
		<Unit filename="noyau.cpp" />
		<Unit filename="noyau.hpp" />
		<Unit filename="pokemon.cpp" />
		<Unit filename="pokemon.hpp" />
		<Unit filename="soundHandler.cpp" />
		<Unit filename="soundHandler.hpp" />
		<Unit filename="spriteHandler.cpp" />
		<Unit filename="spriteHandler.hpp" />
		<Unit filename="sqlite3.c">
			<Option compilerVar="CC" />
		</Unit>
		<Unit filename="sqlite3.h" />
		<Unit filename="sqlite3ext.h" />
		<Extensions>
			<code_completion />
			<debugger />
		</Extensions>
	</Project>
</CodeBlocks_project_file>
